
Microsoft Visual Studio Solution File, Format Version 12.00
# Visual Studio 14
VisualStudioVersion = 14.0.25123.0
MinimumVisualStudioVersion = 10.0.40219.1
Project("{FAE04EC0-301F-11D3-BF4B-00C04F79EFBC}") = "ShePaiWareHouseManage", "ShePaiWareHouseManage\ShePaiWareHouseManage.csproj", "{F29F44CC-C5A5-4FBD-BC86-24A54E5F5BE9}"
EndProject
Project("{FAE04EC0-301F-11D3-BF4B-00C04F79EFBC}") = "Utils", "Utils\Utils.csproj", "{DEC92B7F-832F-4F0D-8B68-E14B62CE1379}"
EndProject
Project("{FAE04EC0-301F-11D3-BF4B-00C04F79EFBC}") = "Model", "Model\Model.csproj", "{7D8E2373-2884-43B9-B5DE-0BBA6FD5A72F}"
EndProject
Global
	GlobalSection(SolutionConfigurationPlatforms) = preSolution
		Debug|Any CPU = Debug|Any CPU
		Release|Any CPU = Release|Any CPU
	EndGlobalSection
	GlobalSection(ProjectConfigurationPlatforms) = postSolution
		{F29F44CC-C5A5-4FBD-BC86-24A54E5F5BE9}.Debug|Any CPU.ActiveCfg = Debug|Any CPU
		{F29F44CC-C5A5-4FBD-BC86-24A54E5F5BE9}.Debug|Any CPU.Build.0 = Debug|Any CPU
		{F29F44CC-C5A5-4FBD-BC86-24A54E5F5BE9}.Release|Any CPU.ActiveCfg = Release|Any CPU
		{F29F44CC-C5A5-4FBD-BC86-24A54E5F5BE9}.Release|Any CPU.Build.0 = Release|Any CPU
		{DEC92B7F-832F-4F0D-8B68-E14B62CE1379}.Debug|Any CPU.ActiveCfg = Debug|Any CPU
		{DEC92B7F-832F-4F0D-8B68-E14B62CE1379}.Debug|Any CPU.Build.0 = Debug|Any CPU
		{DEC92B7F-832F-4F0D-8B68-E14B62CE1379}.Release|Any CPU.ActiveCfg = Release|Any CPU
		{DEC92B7F-832F-4F0D-8B68-E14B62CE1379}.Release|Any CPU.Build.0 = Release|Any CPU
		{7D8E2373-2884-43B9-B5DE-0BBA6FD5A72F}.Debug|Any CPU.ActiveCfg = Debug|Any CPU
		{7D8E2373-2884-43B9-B5DE-0BBA6FD5A72F}.Debug|Any CPU.Build.0 = Debug|Any CPU
		{7D8E2373-2884-43B9-B5DE-0BBA6FD5A72F}.Release|Any CPU.ActiveCfg = Release|Any CPU
		{7D8E2373-2884-43B9-B5DE-0BBA6FD5A72F}.Release|Any CPU.Build.0 = Release|Any CPU
	EndGlobalSection
	GlobalSection(SolutionProperties) = preSolution
		HideSolutionNode = FALSE
	EndGlobalSection
EndGlobal
